// !$*UTF8*$!
{
	archiveVersion = 1;
	classes = {
	};
	objectVersion = 48;
	objects = {

/* Begin PBXBuildFile section */
		CED4D6411F90B29E00370FE2 /* AppDelegate.swift in Sources */ = {isa = PBXBuildFile; fileRef = CED4D6401F90B29E00370FE2 /* AppDelegate.swift */; };
		CED4D6461F90B29E00370FE2 /* TopTabbarViewController.storyboard in Resources */ = {isa = PBXBuildFile; fileRef = CED4D6441F90B29E00370FE2 /* TopTabbarViewController.storyboard */; };
		CED4D6481F90B29E00370FE2 /* Assets.xcassets in Resources */ = {isa = PBXBuildFile; fileRef = CED4D6471F90B29E00370FE2 /* Assets.xcassets */; };
		CED4D64B1F90B29E00370FE2 /* LaunchScreen.storyboard in Resources */ = {isa = PBXBuildFile; fileRef = CED4D6491F90B29E00370FE2 /* LaunchScreen.storyboard */; };
		CED4D6561F90B29E00370FE2 /* ExampleDDDTests.swift in Sources */ = {isa = PBXBuildFile; fileRef = CED4D6551F90B29E00370FE2 /* ExampleDDDTests.swift */; };
		CED4D6611F90B29E00370FE2 /* ExampleDDDUITests.swift in Sources */ = {isa = PBXBuildFile; fileRef = CED4D6601F90B29E00370FE2 /* ExampleDDDUITests.swift */; };
		D3D99BE1AAAF94B2ECB4A388 /* Pods_ExampleDDDTests.framework in Frameworks */ = {isa = PBXBuildFile; fileRef = 059C9BEA6FBD71D827031CE3 /* Pods_ExampleDDDTests.framework */; };
		D808832A74B56E9014F9596A /* Pods_ExampleDDD.framework in Frameworks */ = {isa = PBXBuildFile; fileRef = EE4722B49CCA3D5CB950177D /* Pods_ExampleDDD.framework */; };
		D8A158118628EA9A87BE41B1 /* Pods_ExampleDDDUITests.framework in Frameworks */ = {isa = PBXBuildFile; fileRef = 5790C41E619B9658496C0898 /* Pods_ExampleDDDUITests.framework */; };
/* End PBXBuildFile section */

/* Begin PBXContainerItemProxy section */
		CED4D6521F90B29E00370FE2 /* PBXContainerItemProxy */ = {
			isa = PBXContainerItemProxy;
			containerPortal = CED4D6351F90B29E00370FE2 /* Project object */;
			proxyType = 1;
			remoteGlobalIDString = CED4D63C1F90B29E00370FE2;
			remoteInfo = ExampleDDD;
		};
		CED4D65D1F90B29E00370FE2 /* PBXContainerItemProxy */ = {
			isa = PBXContainerItemProxy;
			containerPortal = CED4D6351F90B29E00370FE2 /* Project object */;
			proxyType = 1;
			remoteGlobalIDString = CED4D63C1F90B29E00370FE2;
			remoteInfo = ExampleDDD;
		};
/* End PBXContainerItemProxy section */

/* Begin PBXFileReference section */
		059C9BEA6FBD71D827031CE3 /* Pods_ExampleDDDTests.framework */ = {isa = PBXFileReference; explicitFileType = wrapper.framework; includeInIndex = 0; path = Pods_ExampleDDDTests.framework; sourceTree = BUILT_PRODUCTS_DIR; };
		0BFD995F9BDA1E0660C86C08 /* Pods-ExampleDDDUITests.debug.xcconfig */ = {isa = PBXFileReference; includeInIndex = 1; lastKnownFileType = text.xcconfig; name = "Pods-ExampleDDDUITests.debug.xcconfig"; path = "Pods/Target Support Files/Pods-ExampleDDDUITests/Pods-ExampleDDDUITests.debug.xcconfig"; sourceTree = "<group>"; };
		470BB30FBC48F4A52C0DC04E /* Pods-ExampleDDD.debug.xcconfig */ = {isa = PBXFileReference; includeInIndex = 1; lastKnownFileType = text.xcconfig; name = "Pods-ExampleDDD.debug.xcconfig"; path = "Pods/Target Support Files/Pods-ExampleDDD/Pods-ExampleDDD.debug.xcconfig"; sourceTree = "<group>"; };
		5064F97BC228FA4360C904F6 /* Pods-ExampleDDDUITests.release.xcconfig */ = {isa = PBXFileReference; includeInIndex = 1; lastKnownFileType = text.xcconfig; name = "Pods-ExampleDDDUITests.release.xcconfig"; path = "Pods/Target Support Files/Pods-ExampleDDDUITests/Pods-ExampleDDDUITests.release.xcconfig"; sourceTree = "<group>"; };
		5790C41E619B9658496C0898 /* Pods_ExampleDDDUITests.framework */ = {isa = PBXFileReference; explicitFileType = wrapper.framework; includeInIndex = 0; path = Pods_ExampleDDDUITests.framework; sourceTree = BUILT_PRODUCTS_DIR; };
		AD3702A1786EF803A66232D6 /* Pods-ExampleDDD.release.xcconfig */ = {isa = PBXFileReference; includeInIndex = 1; lastKnownFileType = text.xcconfig; name = "Pods-ExampleDDD.release.xcconfig"; path = "Pods/Target Support Files/Pods-ExampleDDD/Pods-ExampleDDD.release.xcconfig"; sourceTree = "<group>"; };
		BB16CA63DC4DFDCFA78A1BCA /* Pods-ExampleDDDTests.release.xcconfig */ = {isa = PBXFileReference; includeInIndex = 1; lastKnownFileType = text.xcconfig; name = "Pods-ExampleDDDTests.release.xcconfig"; path = "Pods/Target Support Files/Pods-ExampleDDDTests/Pods-ExampleDDDTests.release.xcconfig"; sourceTree = "<group>"; };
		C049C4CA4261B2C9B74DF2D1 /* Pods-ExampleDDDTests.debug.xcconfig */ = {isa = PBXFileReference; includeInIndex = 1; lastKnownFileType = text.xcconfig; name = "Pods-ExampleDDDTests.debug.xcconfig"; path = "Pods/Target Support Files/Pods-ExampleDDDTests/Pods-ExampleDDDTests.debug.xcconfig"; sourceTree = "<group>"; };
		CED4D63D1F90B29E00370FE2 /* ExampleDDD.app */ = {isa = PBXFileReference; explicitFileType = wrapper.application; includeInIndex = 0; path = ExampleDDD.app; sourceTree = BUILT_PRODUCTS_DIR; };
		CED4D6401F90B29E00370FE2 /* AppDelegate.swift */ = {isa = PBXFileReference; lastKnownFileType = sourcecode.swift; path = AppDelegate.swift; sourceTree = "<group>"; };
		CED4D6451F90B29E00370FE2 /* Base */ = {isa = PBXFileReference; lastKnownFileType = file.storyboard; name = Base; path = Base.lproj/TopTabbarViewController.storyboard; sourceTree = "<group>"; };
		CED4D6471F90B29E00370FE2 /* Assets.xcassets */ = {isa = PBXFileReference; lastKnownFileType = folder.assetcatalog; path = Assets.xcassets; sourceTree = "<group>"; };
		CED4D64A1F90B29E00370FE2 /* Base */ = {isa = PBXFileReference; lastKnownFileType = file.storyboard; name = Base; path = Base.lproj/LaunchScreen.storyboard; sourceTree = "<group>"; };
		CED4D64C1F90B29E00370FE2 /* Info.plist */ = {isa = PBXFileReference; lastKnownFileType = text.plist.xml; path = Info.plist; sourceTree = "<group>"; };
		CED4D6511F90B29E00370FE2 /* ExampleDDDTests.xctest */ = {isa = PBXFileReference; explicitFileType = wrapper.cfbundle; includeInIndex = 0; path = ExampleDDDTests.xctest; sourceTree = BUILT_PRODUCTS_DIR; };
		CED4D6551F90B29E00370FE2 /* ExampleDDDTests.swift */ = {isa = PBXFileReference; lastKnownFileType = sourcecode.swift; path = ExampleDDDTests.swift; sourceTree = "<group>"; };
		CED4D6571F90B29E00370FE2 /* Info.plist */ = {isa = PBXFileReference; lastKnownFileType = text.plist.xml; path = Info.plist; sourceTree = "<group>"; };
		CED4D65C1F90B29E00370FE2 /* ExampleDDDUITests.xctest */ = {isa = PBXFileReference; explicitFileType = wrapper.cfbundle; includeInIndex = 0; path = ExampleDDDUITests.xctest; sourceTree = BUILT_PRODUCTS_DIR; };
		CED4D6601F90B29E00370FE2 /* ExampleDDDUITests.swift */ = {isa = PBXFileReference; lastKnownFileType = sourcecode.swift; path = ExampleDDDUITests.swift; sourceTree = "<group>"; };
		CED4D6621F90B29E00370FE2 /* Info.plist */ = {isa = PBXFileReference; lastKnownFileType = text.plist.xml; path = Info.plist; sourceTree = "<group>"; };
		EE4722B49CCA3D5CB950177D /* Pods_ExampleDDD.framework */ = {isa = PBXFileReference; explicitFileType = wrapper.framework; includeInIndex = 0; path = Pods_ExampleDDD.framework; sourceTree = BUILT_PRODUCTS_DIR; };
/* End PBXFileReference section */

/* Begin PBXFrameworksBuildPhase section */
		CED4D63A1F90B29E00370FE2 /* Frameworks */ = {
			isa = PBXFrameworksBuildPhase;
			buildActionMask = 2147483647;
			files = (
				D808832A74B56E9014F9596A /* Pods_ExampleDDD.framework in Frameworks */,
			);
			runOnlyForDeploymentPostprocessing = 0;
		};
		CED4D64E1F90B29E00370FE2 /* Frameworks */ = {
			isa = PBXFrameworksBuildPhase;
			buildActionMask = 2147483647;
			files = (
				D3D99BE1AAAF94B2ECB4A388 /* Pods_ExampleDDDTests.framework in Frameworks */,
			);
			runOnlyForDeploymentPostprocessing = 0;
		};
		CED4D6591F90B29E00370FE2 /* Frameworks */ = {
			isa = PBXFrameworksBuildPhase;
			buildActionMask = 2147483647;
			files = (
				D8A158118628EA9A87BE41B1 /* Pods_ExampleDDDUITests.framework in Frameworks */,
			);
			runOnlyForDeploymentPostprocessing = 0;
		};
/* End PBXFrameworksBuildPhase section */

/* Begin PBXGroup section */
		00849E76D51C884960EEB594 /* Pods */ = {
			isa = PBXGroup;
			children = (
				470BB30FBC48F4A52C0DC04E /* Pods-ExampleDDD.debug.xcconfig */,
				AD3702A1786EF803A66232D6 /* Pods-ExampleDDD.release.xcconfig */,
				C049C4CA4261B2C9B74DF2D1 /* Pods-ExampleDDDTests.debug.xcconfig */,
				BB16CA63DC4DFDCFA78A1BCA /* Pods-ExampleDDDTests.release.xcconfig */,
				0BFD995F9BDA1E0660C86C08 /* Pods-ExampleDDDUITests.debug.xcconfig */,
				5064F97BC228FA4360C904F6 /* Pods-ExampleDDDUITests.release.xcconfig */,
			);
			name = Pods;
			sourceTree = "<group>";
		};
		7196EF661F92353400232198 /* Top */ = {
			isa = PBXGroup;
			children = (
				CED4D6441F90B29E00370FE2 /* TopTabbarViewController.storyboard */,
			);
			path = Top;
			sourceTree = "<group>";
		};
		7196EF671F92353900232198 /* Search */ = {
			isa = PBXGroup;
			children = (
			);
			path = Search;
			sourceTree = "<group>";
		};
		7196EF681F92353D00232198 /* Favorites */ = {
			isa = PBXGroup;
			children = (
			);
			path = Favorites;
			sourceTree = "<group>";
		};
		A160513C96AC56F759A71B93 /* Frameworks */ = {
			isa = PBXGroup;
			children = (
				EE4722B49CCA3D5CB950177D /* Pods_ExampleDDD.framework */,
				059C9BEA6FBD71D827031CE3 /* Pods_ExampleDDDTests.framework */,
				5790C41E619B9658496C0898 /* Pods_ExampleDDDUITests.framework */,
			);
			name = Frameworks;
			sourceTree = "<group>";
		};
		CED4D6341F90B29E00370FE2 = {
			isa = PBXGroup;
			children = (
				CED4D63F1F90B29E00370FE2 /* ExampleDDD */,
				CED4D6541F90B29E00370FE2 /* ExampleDDDTests */,
				CED4D65F1F90B29E00370FE2 /* ExampleDDDUITests */,
				CED4D63E1F90B29E00370FE2 /* Products */,
				00849E76D51C884960EEB594 /* Pods */,
				A160513C96AC56F759A71B93 /* Frameworks */,
			);
			sourceTree = "<group>";
		};
		CED4D63E1F90B29E00370FE2 /* Products */ = {
			isa = PBXGroup;
			children = (
				CED4D63D1F90B29E00370FE2 /* ExampleDDD.app */,
				CED4D6511F90B29E00370FE2 /* ExampleDDDTests.xctest */,
				CED4D65C1F90B29E00370FE2 /* ExampleDDDUITests.xctest */,
			);
			name = Products;
			sourceTree = "<group>";
		};
		CED4D63F1F90B29E00370FE2 /* ExampleDDD */ = {
			isa = PBXGroup;
			children = (
				CED4D67B1F90BFEC00370FE2 /* Support */,
				CED4D67A1F90BFE400370FE2 /* Application */,
				CED4D6791F90BFCE00370FE2 /* ViewController */,
				CED4D6781F90BFC000370FE2 /* Resources */,
			);
			path = ExampleDDD;
			sourceTree = "<group>";
		};
		CED4D6541F90B29E00370FE2 /* ExampleDDDTests */ = {
			isa = PBXGroup;
			children = (
				CED4D6551F90B29E00370FE2 /* ExampleDDDTests.swift */,
				CED4D6571F90B29E00370FE2 /* Info.plist */,
			);
			path = ExampleDDDTests;
			sourceTree = "<group>";
		};
		CED4D65F1F90B29E00370FE2 /* ExampleDDDUITests */ = {
			isa = PBXGroup;
			children = (
				CED4D6601F90B29E00370FE2 /* ExampleDDDUITests.swift */,
				CED4D6621F90B29E00370FE2 /* Info.plist */,
			);
			path = ExampleDDDUITests;
			sourceTree = "<group>";
		};
		CED4D6781F90BFC000370FE2 /* Resources */ = {
			isa = PBXGroup;
			children = (
				CED4D6471F90B29E00370FE2 /* Assets.xcassets */,
			);
			path = Resources;
			sourceTree = "<group>";
		};
		CED4D6791F90BFCE00370FE2 /* ViewController */ = {
			isa = PBXGroup;
			children = (
				7196EF661F92353400232198 /* Top */,
				7196EF671F92353900232198 /* Search */,
				7196EF681F92353D00232198 /* Favorites */,
			);
			path = ViewController;
			sourceTree = "<group>";
		};
		CED4D67A1F90BFE400370FE2 /* Application */ = {
			isa = PBXGroup;
			children = (
				CED4D6401F90B29E00370FE2 /* AppDelegate.swift */,
			);
			path = Application;
			sourceTree = "<group>";
		};
		CED4D67B1F90BFEC00370FE2 /* Support */ = {
			isa = PBXGroup;
			children = (
				CED4D6491F90B29E00370FE2 /* LaunchScreen.storyboard */,
				CED4D64C1F90B29E00370FE2 /* Info.plist */,
			);
			path = Support;
			sourceTree = "<group>";
		};
/* End PBXGroup section */

/* Begin PBXNativeTarget section */
		CED4D63C1F90B29E00370FE2 /* ExampleDDD */ = {
			isa = PBXNativeTarget;
			buildConfigurationList = CED4D6651F90B29E00370FE2 /* Build configuration list for PBXNativeTarget "ExampleDDD" */;
			buildPhases = (
				180CA056EBBF5CFFECCB67AC /* [CP] Check Pods Manifest.lock */,
				CED4D6391F90B29E00370FE2 /* Sources */,
				CED4D63A1F90B29E00370FE2 /* Frameworks */,
				CED4D63B1F90B29E00370FE2 /* Resources */,
				596485A05861969F8D62853E /* [CP] Embed Pods Frameworks */,
				6C10CB60A286261E4C1F4CB3 /* [CP] Copy Pods Resources */,
				CED4D66E1F90B47000370FE2 /* Embed Carthage Frameworks */,
			);
			buildRules = (
			);
			dependencies = (
			);
			name = ExampleDDD;
			productName = ExampleDDD;
			productReference = CED4D63D1F90B29E00370FE2 /* ExampleDDD.app */;
			productType = "com.apple.product-type.application";
		};
		CED4D6501F90B29E00370FE2 /* ExampleDDDTests */ = {
			isa = PBXNativeTarget;
			buildConfigurationList = CED4D6681F90B29E00370FE2 /* Build configuration list for PBXNativeTarget "ExampleDDDTests" */;
			buildPhases = (
				D253B83E0B2449FE393A456C /* [CP] Check Pods Manifest.lock */,
				CED4D64D1F90B29E00370FE2 /* Sources */,
				CED4D64E1F90B29E00370FE2 /* Frameworks */,
				CED4D64F1F90B29E00370FE2 /* Resources */,
				A4F6233B93D2BC69CDF042A8 /* [CP] Embed Pods Frameworks */,
				A9D91E17E0E476C4CFEAE8C4 /* [CP] Copy Pods Resources */,
			);
			buildRules = (
			);
			dependencies = (
				CED4D6531F90B29E00370FE2 /* PBXTargetDependency */,
			);
			name = ExampleDDDTests;
			productName = ExampleDDDTests;
			productReference = CED4D6511F90B29E00370FE2 /* ExampleDDDTests.xctest */;
			productType = "com.apple.product-type.bundle.unit-test";
		};
		CED4D65B1F90B29E00370FE2 /* ExampleDDDUITests */ = {
			isa = PBXNativeTarget;
			buildConfigurationList = CED4D66B1F90B29E00370FE2 /* Build configuration list for PBXNativeTarget "ExampleDDDUITests" */;
			buildPhases = (
				2718985BD242F2B3A34A554F /* [CP] Check Pods Manifest.lock */,
				CED4D6581F90B29E00370FE2 /* Sources */,
				CED4D6591F90B29E00370FE2 /* Frameworks */,
				CED4D65A1F90B29E00370FE2 /* Resources */,
				4FA166E130A29D777B800A88 /* [CP] Embed Pods Frameworks */,
				407D09DAA3D8063BFC723B5D /* [CP] Copy Pods Resources */,
			);
			buildRules = (
			);
			dependencies = (
				CED4D65E1F90B29E00370FE2 /* PBXTargetDependency */,
			);
			name = ExampleDDDUITests;
			productName = ExampleDDDUITests;
			productReference = CED4D65C1F90B29E00370FE2 /* ExampleDDDUITests.xctest */;
			productType = "com.apple.product-type.bundle.ui-testing";
		};
/* End PBXNativeTarget section */

/* Begin PBXProject section */
		CED4D6351F90B29E00370FE2 /* Project object */ = {
			isa = PBXProject;
			attributes = {
				LastSwiftUpdateCheck = 0900;
				LastUpgradeCheck = 0900;
				ORGANIZATIONNAME = yochio;
				TargetAttributes = {
					CED4D63C1F90B29E00370FE2 = {
						CreatedOnToolsVersion = 9.0;
						ProvisioningStyle = Automatic;
					};
					CED4D6501F90B29E00370FE2 = {
						CreatedOnToolsVersion = 9.0;
						ProvisioningStyle = Automatic;
						TestTargetID = CED4D63C1F90B29E00370FE2;
					};
					CED4D65B1F90B29E00370FE2 = {
						CreatedOnToolsVersion = 9.0;
						ProvisioningStyle = Automatic;
						TestTargetID = CED4D63C1F90B29E00370FE2;
					};
				};
			};
			buildConfigurationList = CED4D6381F90B29E00370FE2 /* Build configuration list for PBXProject "ExampleDDD" */;
			compatibilityVersion = "Xcode 8.0";
			developmentRegion = en;
			hasScannedForEncodings = 0;
			knownRegions = (
				en,
				Base,
			);
			mainGroup = CED4D6341F90B29E00370FE2;
			productRefGroup = CED4D63E1F90B29E00370FE2 /* Products */;
			projectDirPath = "";
			projectRoot = "";
			targets = (
				CED4D63C1F90B29E00370FE2 /* ExampleDDD */,
				CED4D6501F90B29E00370FE2 /* ExampleDDDTests */,
				CED4D65B1F90B29E00370FE2 /* ExampleDDDUITests */,
			);
		};
/* End PBXProject section */

/* Begin PBXResourcesBuildPhase section */
		CED4D63B1F90B29E00370FE2 /* Resources */ = {
			isa = PBXResourcesBuildPhase;
			buildActionMask = 2147483647;
			files = (
				CED4D64B1F90B29E00370FE2 /* LaunchScreen.storyboard in Resources */,
				CED4D6481F90B29E00370FE2 /* Assets.xcassets in Resources */,
				CED4D6461F90B29E00370FE2 /* TopTabbarViewController.storyboard in Resources */,
			);
			runOnlyForDeploymentPostprocessing = 0;
		};
		CED4D64F1F90B29E00370FE2 /* Resources */ = {
			isa = PBXResourcesBuildPhase;
			buildActionMask = 2147483647;
			files = (
			);
			runOnlyForDeploymentPostprocessing = 0;
		};
		CED4D65A1F90B29E00370FE2 /* Resources */ = {
			isa = PBXResourcesBuildPhase;
			buildActionMask = 2147483647;
			files = (
			);
			runOnlyForDeploymentPostprocessing = 0;
		};
/* End PBXResourcesBuildPhase section */

/* Begin PBXShellScriptBuildPhase section */
		180CA056EBBF5CFFECCB67AC /* [CP] Check Pods Manifest.lock */ = {
			isa = PBXShellScriptBuildPhase;
			buildActionMask = 2147483647;
			files = (
			);
			inputPaths = (
				"${PODS_PODFILE_DIR_PATH}/Podfile.lock",
				"${PODS_ROOT}/Manifest.lock",
			);
			name = "[CP] Check Pods Manifest.lock";
			outputPaths = (
				"$(DERIVED_FILE_DIR)/Pods-ExampleDDD-checkManifestLockResult.txt",
			);
			runOnlyForDeploymentPostprocessing = 0;
			shellPath = /bin/sh;
			shellScript = "diff \"${PODS_PODFILE_DIR_PATH}/Podfile.lock\" \"${PODS_ROOT}/Manifest.lock\" > /dev/null\nif [ $? != 0 ] ; then\n    # print error to STDERR\n    echo \"error: The sandbox is not in sync with the Podfile.lock. Run 'pod install' or update your CocoaPods installation.\" >&2\n    exit 1\nfi\n# This output is used by Xcode 'outputs' to avoid re-running this script phase.\necho \"SUCCESS\" > \"${SCRIPT_OUTPUT_FILE_0}\"\n";
			showEnvVarsInLog = 0;
		};
		2718985BD242F2B3A34A554F /* [CP] Check Pods Manifest.lock */ = {
			isa = PBXShellScriptBuildPhase;
			buildActionMask = 2147483647;
			files = (
			);
			inputPaths = (
				"${PODS_PODFILE_DIR_PATH}/Podfile.lock",
				"${PODS_ROOT}/Manifest.lock",
			);
			name = "[CP] Check Pods Manifest.lock";
			outputPaths = (
				"$(DERIVED_FILE_DIR)/Pods-ExampleDDDUITests-checkManifestLockResult.txt",
			);
			runOnlyForDeploymentPostprocessing = 0;
			shellPath = /bin/sh;
			shellScript = "diff \"${PODS_PODFILE_DIR_PATH}/Podfile.lock\" \"${PODS_ROOT}/Manifest.lock\" > /dev/null\nif [ $? != 0 ] ; then\n    # print error to STDERR\n    echo \"error: The sandbox is not in sync with the Podfile.lock. Run 'pod install' or update your CocoaPods installation.\" >&2\n    exit 1\nfi\n# This output is used by Xcode 'outputs' to avoid re-running this script phase.\necho \"SUCCESS\" > \"${SCRIPT_OUTPUT_FILE_0}\"\n";
			showEnvVarsInLog = 0;
		};
		407D09DAA3D8063BFC723B5D /* [CP] Copy Pods Resources */ = {
			isa = PBXShellScriptBuildPhase;
			buildActionMask = 2147483647;
			files = (
			);
			inputPaths = (
			);
			name = "[CP] Copy Pods Resources";
			outputPaths = (
			);
			runOnlyForDeploymentPostprocessing = 0;
			shellPath = /bin/sh;
			shellScript = "\"${SRCROOT}/Pods/Target Support Files/Pods-ExampleDDDUITests/Pods-ExampleDDDUITests-resources.sh\"\n";
			showEnvVarsInLog = 0;
		};
		4FA166E130A29D777B800A88 /* [CP] Embed Pods Frameworks */ = {
			isa = PBXShellScriptBuildPhase;
			buildActionMask = 2147483647;
			files = (
			);
			inputPaths = (
			);
			name = "[CP] Embed Pods Frameworks";
			outputPaths = (
			);
			runOnlyForDeploymentPostprocessing = 0;
			shellPath = /bin/sh;
			shellScript = "\"${SRCROOT}/Pods/Target Support Files/Pods-ExampleDDDUITests/Pods-ExampleDDDUITests-frameworks.sh\"\n";
			showEnvVarsInLog = 0;
		};
		596485A05861969F8D62853E /* [CP] Embed Pods Frameworks */ = {
			isa = PBXShellScriptBuildPhase;
			buildActionMask = 2147483647;
			files = (
			);
			inputPaths = (
			);
			name = "[CP] Embed Pods Frameworks";
			outputPaths = (
			);
			runOnlyForDeploymentPostprocessing = 0;
			shellPath = /bin/sh;
			shellScript = "\"${SRCROOT}/Pods/Target Support Files/Pods-ExampleDDD/Pods-ExampleDDD-frameworks.sh\"\n";
			showEnvVarsInLog = 0;
		};
		6C10CB60A286261E4C1F4CB3 /* [CP] Copy Pods Resources */ = {
			isa = PBXShellScriptBuildPhase;
			buildActionMask = 2147483647;
			files = (
			);
			inputPaths = (
			);
			name = "[CP] Copy Pods Resources";
			outputPaths = (
			);
			runOnlyForDeploymentPostprocessing = 0;
			shellPath = /bin/sh;
			shellScript = "\"${SRCROOT}/Pods/Target Support Files/Pods-ExampleDDD/Pods-ExampleDDD-resources.sh\"\n";
			showEnvVarsInLog = 0;
		};
		A4F6233B93D2BC69CDF042A8 /* [CP] Embed Pods Frameworks */ = {
			isa = PBXShellScriptBuildPhase;
			buildActionMask = 2147483647;
			files = (
			);
			inputPaths = (
			);
			name = "[CP] Embed Pods Frameworks";
			outputPaths = (
			);
			runOnlyForDeploymentPostprocessing = 0;
			shellPath = /bin/sh;
			shellScript = "\"${SRCROOT}/Pods/Target Support Files/Pods-ExampleDDDTests/Pods-ExampleDDDTests-frameworks.sh\"\n";
			showEnvVarsInLog = 0;
		};
		A9D91E17E0E476C4CFEAE8C4 /* [CP] Copy Pods Resources */ = {
			isa = PBXShellScriptBuildPhase;
			buildActionMask = 2147483647;
			files = (
			);
			inputPaths = (
			);
			name = "[CP] Copy Pods Resources";
			outputPaths = (
			);
			runOnlyForDeploymentPostprocessing = 0;
			shellPath = /bin/sh;
			shellScript = "\"${SRCROOT}/Pods/Target Support Files/Pods-ExampleDDDTests/Pods-ExampleDDDTests-resources.sh\"\n";
			showEnvVarsInLog = 0;
		};
		CED4D66E1F90B47000370FE2 /* Embed Carthage Frameworks */ = {
			isa = PBXShellScriptBuildPhase;
			buildActionMask = 2147483647;
			files = (
			);
			inputPaths = (
				"$(SRCROOT)/Carthage/Build/iOS/Realm.framework<br />$(SRCROOT)/Carthage/Build/iOS/RealmSwift.framework",
			);
			name = "Embed Carthage Frameworks";
			outputPaths = (
			);
			runOnlyForDeploymentPostprocessing = 0;
			shellPath = /bin/sh;
			shellScript = "/usr/local/bin/carthage copy-frameworks\n";
		};
		D253B83E0B2449FE393A456C /* [CP] Check Pods Manifest.lock */ = {
			isa = PBXShellScriptBuildPhase;
			buildActionMask = 2147483647;
			files = (
			);
			inputPaths = (
				"${PODS_PODFILE_DIR_PATH}/Podfile.lock",
				"${PODS_ROOT}/Manifest.lock",
			);
			name = "[CP] Check Pods Manifest.lock";
			outputPaths = (
				"$(DERIVED_FILE_DIR)/Pods-ExampleDDDTests-checkManifestLockResult.txt",
			);
			runOnlyForDeploymentPostprocessing = 0;
			shellPath = /bin/sh;
			shellScript = "diff \"${PODS_PODFILE_DIR_PATH}/Podfile.lock\" \"${PODS_ROOT}/Manifest.lock\" > /dev/null\nif [ $? != 0 ] ; then\n    # print error to STDERR\n    echo \"error: The sandbox is not in sync with the Podfile.lock. Run 'pod install' or update your CocoaPods installation.\" >&2\n    exit 1\nfi\n# This output is used by Xcode 'outputs' to avoid re-running this script phase.\necho \"SUCCESS\" > \"${SCRIPT_OUTPUT_FILE_0}\"\n";
			showEnvVarsInLog = 0;
		};
/* End PBXShellScriptBuildPhase section */

/* Begin PBXSourcesBuildPhase section */
		CED4D6391F90B29E00370FE2 /* Sources */ = {
			isa = PBXSourcesBuildPhase;
			buildActionMask = 2147483647;
			files = (
				CED4D6411F90B29E00370FE2 /* AppDelegate.swift in Sources */,
			);
			runOnlyForDeploymentPostprocessing = 0;
		};
		CED4D64D1F90B29E00370FE2 /* Sources */ = {
			isa = PBXSourcesBuildPhase;
			buildActionMask = 2147483647;
			files = (
				CED4D6561F90B29E00370FE2 /* ExampleDDDTests.swift in Sources */,
			);
			runOnlyForDeploymentPostprocessing = 0;
		};
		CED4D6581F90B29E00370FE2 /* Sources */ = {
			isa = PBXSourcesBuildPhase;
			buildActionMask = 2147483647;
			files = (
				CED4D6611F90B29E00370FE2 /* ExampleDDDUITests.swift in Sources */,
			);
			runOnlyForDeploymentPostprocessing = 0;
		};
/* End PBXSourcesBuildPhase section */

/* Begin PBXTargetDependency section */
		CED4D6531F90B29E00370FE2 /* PBXTargetDependency */ = {
			isa = PBXTargetDependency;
			target = CED4D63C1F90B29E00370FE2 /* ExampleDDD */;
			targetProxy = CED4D6521F90B29E00370FE2 /* PBXContainerItemProxy */;
		};
		CED4D65E1F90B29E00370FE2 /* PBXTargetDependency */ = {
			isa = PBXTargetDependency;
			target = CED4D63C1F90B29E00370FE2 /* ExampleDDD */;
			targetProxy = CED4D65D1F90B29E00370FE2 /* PBXContainerItemProxy */;
		};
/* End PBXTargetDependency section */

/* Begin PBXVariantGroup section */
		CED4D6441F90B29E00370FE2 /* TopTabbarViewController.storyboard */ = {
			isa = PBXVariantGroup;
			children = (
				CED4D6451F90B29E00370FE2 /* Base */,
			);
			name = TopTabbarViewController.storyboard;
			sourceTree = "<group>";
		};
		CED4D6491F90B29E00370FE2 /* LaunchScreen.storyboard */ = {
			isa = PBXVariantGroup;
			children = (
				CED4D64A1F90B29E00370FE2 /* Base */,
			);
			name = LaunchScreen.storyboard;
			sourceTree = "<group>";
		};
/* End PBXVariantGroup section */

/* Begin XCBuildConfiguration section */
		CED4D6631F90B29E00370FE2 /* Debug */ = {
			isa = XCBuildConfiguration;
			buildSettings = {
				ALWAYS_SEARCH_USER_PATHS = NO;
				CLANG_ANALYZER_NONNULL = YES;
				CLANG_ANALYZER_NUMBER_OBJECT_CONVERSION = YES_AGGRESSIVE;
				CLANG_CXX_LANGUAGE_STANDARD = "gnu++14";
				CLANG_CXX_LIBRARY = "libc++";
				CLANG_ENABLE_MODULES = YES;
				CLANG_ENABLE_OBJC_ARC = YES;
				CLANG_WARN_BLOCK_CAPTURE_AUTORELEASING = YES;
				CLANG_WARN_BOOL_CONVERSION = YES;
				CLANG_WARN_COMMA = YES;
				CLANG_WARN_CONSTANT_CONVERSION = YES;
				CLANG_WARN_DIRECT_OBJC_ISA_USAGE = YES_ERROR;
				CLANG_WARN_DOCUMENTATION_COMMENTS = YES;
				CLANG_WARN_EMPTY_BODY = YES;
				CLANG_WARN_ENUM_CONVERSION = YES;
				CLANG_WARN_INFINITE_RECURSION = YES;
				CLANG_WARN_INT_CONVERSION = YES;
				CLANG_WARN_NON_LITERAL_NULL_CONVERSION = YES;
				CLANG_WARN_OBJC_LITERAL_CONVERSION = YES;
				CLANG_WARN_OBJC_ROOT_CLASS = YES_ERROR;
				CLANG_WARN_RANGE_LOOP_ANALYSIS = YES;
				CLANG_WARN_STRICT_PROTOTYPES = YES;
				CLANG_WARN_SUSPICIOUS_MOVE = YES;
				CLANG_WARN_UNGUARDED_AVAILABILITY = YES_AGGRESSIVE;
				CLANG_WARN_UNREACHABLE_CODE = YES;
				CLANG_WARN__DUPLICATE_METHOD_MATCH = YES;
				CODE_SIGN_IDENTITY = "iPhone Developer";
				COPY_PHASE_STRIP = NO;
				DEBUG_INFORMATION_FORMAT = dwarf;
				ENABLE_STRICT_OBJC_MSGSEND = YES;
				ENABLE_TESTABILITY = YES;
				GCC_C_LANGUAGE_STANDARD = gnu11;
				GCC_DYNAMIC_NO_PIC = NO;
				GCC_NO_COMMON_BLOCKS = YES;
				GCC_OPTIMIZATION_LEVEL = 0;
				GCC_PREPROCESSOR_DEFINITIONS = (
					"DEBUG=1",
					"$(inherited)",
				);
				GCC_WARN_64_TO_32_BIT_CONVERSION = YES;
				GCC_WARN_ABOUT_RETURN_TYPE = YES_ERROR;
				GCC_WARN_UNDECLARED_SELECTOR = YES;
				GCC_WARN_UNINITIALIZED_AUTOS = YES_AGGRESSIVE;
				GCC_WARN_UNUSED_FUNCTION = YES;
				GCC_WARN_UNUSED_VARIABLE = YES;
				IPHONEOS_DEPLOYMENT_TARGET = 11.0;
				MTL_ENABLE_DEBUG_INFO = YES;
				ONLY_ACTIVE_ARCH = YES;
				SDKROOT = iphoneos;
				SWIFT_ACTIVE_COMPILATION_CONDITIONS = DEBUG;
				SWIFT_OPTIMIZATION_LEVEL = "-Onone";
			};
			name = Debug;
		};
		CED4D6641F90B29E00370FE2 /* Release */ = {
			isa = XCBuildConfiguration;
			buildSettings = {
				ALWAYS_SEARCH_USER_PATHS = NO;
				CLANG_ANALYZER_NONNULL = YES;
				CLANG_ANALYZER_NUMBER_OBJECT_CONVERSION = YES_AGGRESSIVE;
				CLANG_CXX_LANGUAGE_STANDARD = "gnu++14";
				CLANG_CXX_LIBRARY = "libc++";
				CLANG_ENABLE_MODULES = YES;
				CLANG_ENABLE_OBJC_ARC = YES;
				CLANG_WARN_BLOCK_CAPTURE_AUTORELEASING = YES;
				CLANG_WARN_BOOL_CONVERSION = YES;
				CLANG_WARN_COMMA = YES;
				CLANG_WARN_CONSTANT_CONVERSION = YES;
				CLANG_WARN_DIRECT_OBJC_ISA_USAGE = YES_ERROR;
				CLANG_WARN_DOCUMENTATION_COMMENTS = YES;
				CLANG_WARN_EMPTY_BODY = YES;
				CLANG_WARN_ENUM_CONVERSION = YES;
				CLANG_WARN_INFINITE_RECURSION = YES;
				CLANG_WARN_INT_CONVERSION = YES;
				CLANG_WARN_NON_LITERAL_NULL_CONVERSION = YES;
				CLANG_WARN_OBJC_LITERAL_CONVERSION = YES;
				CLANG_WARN_OBJC_ROOT_CLASS = YES_ERROR;
				CLANG_WARN_RANGE_LOOP_ANALYSIS = YES;
				CLANG_WARN_STRICT_PROTOTYPES = YES;
				CLANG_WARN_SUSPICIOUS_MOVE = YES;
				CLANG_WARN_UNGUARDED_AVAILABILITY = YES_AGGRESSIVE;
				CLANG_WARN_UNREACHABLE_CODE = YES;
				CLANG_WARN__DUPLICATE_METHOD_MATCH = YES;
				CODE_SIGN_IDENTITY = "iPhone Developer";
				COPY_PHASE_STRIP = NO;
				DEBUG_INFORMATION_FORMAT = "dwarf-with-dsym";
				ENABLE_NS_ASSERTIONS = NO;
				ENABLE_STRICT_OBJC_MSGSEND = YES;
				GCC_C_LANGUAGE_STANDARD = gnu11;
				GCC_NO_COMMON_BLOCKS = YES;
				GCC_WARN_64_TO_32_BIT_CONVERSION = YES;
				GCC_WARN_ABOUT_RETURN_TYPE = YES_ERROR;
				GCC_WARN_UNDECLARED_SELECTOR = YES;
				GCC_WARN_UNINITIALIZED_AUTOS = YES_AGGRESSIVE;
				GCC_WARN_UNUSED_FUNCTION = YES;
				GCC_WARN_UNUSED_VARIABLE = YES;
				IPHONEOS_DEPLOYMENT_TARGET = 11.0;
				MTL_ENABLE_DEBUG_INFO = NO;
				SDKROOT = iphoneos;
				SWIFT_OPTIMIZATION_LEVEL = "-Owholemodule";
				VALIDATE_PRODUCT = YES;
			};
			name = Release;
		};
		CED4D6661F90B29E00370FE2 /* Debug */ = {
			isa = XCBuildConfiguration;
			baseConfigurationReference = 470BB30FBC48F4A52C0DC04E /* Pods-ExampleDDD.debug.xcconfig */;
			buildSettings = {
				ASSETCATALOG_COMPILER_APPICON_NAME = AppIcon;
				CODE_SIGN_STYLE = Automatic;
				DEVELOPMENT_TEAM = E296FA364F;
				INFOPLIST_FILE = ExampleDDD/Info.plist;
				LD_RUNPATH_SEARCH_PATHS = "$(inherited) @executable_path/Frameworks";
				PRODUCT_BUNDLE_IDENTIFIER = yochio.ExampleDDD;
				PRODUCT_NAME = "$(TARGET_NAME)";
				SWIFT_VERSION = 4.0;
				TARGETED_DEVICE_FAMILY = "1,2";
			};
			name = Debug;
		};
		CED4D6671F90B29E00370FE2 /* Release */ = {
			isa = XCBuildConfiguration;
			baseConfigurationReference = AD3702A1786EF803A66232D6 /* Pods-ExampleDDD.release.xcconfig */;
			buildSettings = {
				ASSETCATALOG_COMPILER_APPICON_NAME = AppIcon;
				CODE_SIGN_STYLE = Automatic;
				DEVELOPMENT_TEAM = E296FA364F;
				INFOPLIST_FILE = ExampleDDD/Info.plist;
				LD_RUNPATH_SEARCH_PATHS = "$(inherited) @executable_path/Frameworks";
				PRODUCT_BUNDLE_IDENTIFIER = yochio.ExampleDDD;
				PRODUCT_NAME = "$(TARGET_NAME)";
				SWIFT_VERSION = 4.0;
				TARGETED_DEVICE_FAMILY = "1,2";
			};
			name = Release;
		};
		CED4D6691F90B29E00370FE2 /* Debug */ = {
			isa = XCBuildConfiguration;
			baseConfigurationReference = C049C4CA4261B2C9B74DF2D1 /* Pods-ExampleDDDTests.debug.xcconfig */;
			buildSettings = {
				ALWAYS_EMBED_SWIFT_STANDARD_LIBRARIES = YES;
				BUNDLE_LOADER = "$(TEST_HOST)";
				CODE_SIGN_STYLE = Automatic;
				DEVELOPMENT_TEAM = E296FA364F;
				INFOPLIST_FILE = ExampleDDDTests/Info.plist;
				LD_RUNPATH_SEARCH_PATHS = "$(inherited) @executable_path/Frameworks @loader_path/Frameworks";
				PRODUCT_BUNDLE_IDENTIFIER = yochio.ExampleDDDTests;
				PRODUCT_NAME = "$(TARGET_NAME)";
				SWIFT_VERSION = 4.0;
				TARGETED_DEVICE_FAMILY = "1,2";
				TEST_HOST = "$(BUILT_PRODUCTS_DIR)/ExampleDDD.app/ExampleDDD";
			};
			name = Debug;
		};
		CED4D66A1F90B29E00370FE2 /* Release */ = {
			isa = XCBuildConfiguration;
			baseConfigurationReference = BB16CA63DC4DFDCFA78A1BCA /* Pods-ExampleDDDTests.release.xcconfig */;
			buildSettings = {
				ALWAYS_EMBED_SWIFT_STANDARD_LIBRARIES = YES;
				BUNDLE_LOADER = "$(TEST_HOST)";
				CODE_SIGN_STYLE = Automatic;
				DEVELOPMENT_TEAM = E296FA364F;
				INFOPLIST_FILE = ExampleDDDTests/Info.plist;
				LD_RUNPATH_SEARCH_PATHS = "$(inherited) @executable_path/Frameworks @loader_path/Frameworks";
				PRODUCT_BUNDLE_IDENTIFIER = yochio.ExampleDDDTests;
				PRODUCT_NAME = "$(TARGET_NAME)";
				SWIFT_VERSION = 4.0;
				TARGETED_DEVICE_FAMILY = "1,2";
				TEST_HOST = "$(BUILT_PRODUCTS_DIR)/ExampleDDD.app/ExampleDDD";
			};
			name = Release;
		};
		CED4D66C1F90B29E00370FE2 /* Debug */ = {
			isa = XCBuildConfiguration;
			baseConfigurationReference = 0BFD995F9BDA1E0660C86C08 /* Pods-ExampleDDDUITests.debug.xcconfig */;
			buildSettings = {
				ALWAYS_EMBED_SWIFT_STANDARD_LIBRARIES = YES;
				CODE_SIGN_STYLE = Automatic;
				DEVELOPMENT_TEAM = E296FA364F;
				INFOPLIST_FILE = ExampleDDDUITests/Info.plist;
				LD_RUNPATH_SEARCH_PATHS = "$(inherited) @executable_path/Frameworks @loader_path/Frameworks";
				PRODUCT_BUNDLE_IDENTIFIER = yochio.ExampleDDDUITests;
				PRODUCT_NAME = "$(TARGET_NAME)";
				SWIFT_VERSION = 4.0;
				TARGETED_DEVICE_FAMILY = "1,2";
				TEST_TARGET_NAME = ExampleDDD;
			};
			name = Debug;
		};
		CED4D66D1F90B29E00370FE2 /* Release */ = {
			isa = XCBuildConfiguration;
			baseConfigurationReference = 5064F97BC228FA4360C904F6 /* Pods-ExampleDDDUITests.release.xcconfig */;
			buildSettings = {
				ALWAYS_EMBED_SWIFT_STANDARD_LIBRARIES = YES;
				CODE_SIGN_STYLE = Automatic;
				DEVELOPMENT_TEAM = E296FA364F;
				INFOPLIST_FILE = ExampleDDDUITests/Info.plist;
				LD_RUNPATH_SEARCH_PATHS = "$(inherited) @executable_path/Frameworks @loader_path/Frameworks";
				PRODUCT_BUNDLE_IDENTIFIER = yochio.ExampleDDDUITests;
				PRODUCT_NAME = "$(TARGET_NAME)";
				SWIFT_VERSION = 4.0;
				TARGETED_DEVICE_FAMILY = "1,2";
				TEST_TARGET_NAME = ExampleDDD;
			};
			name = Release;
		};
/* End XCBuildConfiguration section */

/* Begin XCConfigurationList section */
		CED4D6381F90B29E00370FE2 /* Build configuration list for PBXProject "ExampleDDD" */ = {
			isa = XCConfigurationList;
			buildConfigurations = (
				CED4D6631F90B29E00370FE2 /* Debug */,
				CED4D6641F90B29E00370FE2 /* Release */,
			);
			defaultConfigurationIsVisible = 0;
			defaultConfigurationName = Release;
		};
		CED4D6651F90B29E00370FE2 /* Build configuration list for PBXNativeTarget "ExampleDDD" */ = {
			isa = XCConfigurationList;
			buildConfigurations = (
				CED4D6661F90B29E00370FE2 /* Debug */,
				CED4D6671F90B29E00370FE2 /* Release */,
			);
			defaultConfigurationIsVisible = 0;
			defaultConfigurationName = Release;
		};
		CED4D6681F90B29E00370FE2 /* Build configuration list for PBXNativeTarget "ExampleDDDTests" */ = {
			isa = XCConfigurationList;
			buildConfigurations = (
				CED4D6691F90B29E00370FE2 /* Debug */,
				CED4D66A1F90B29E00370FE2 /* Release */,
			);
			defaultConfigurationIsVisible = 0;
			defaultConfigurationName = Release;
		};
		CED4D66B1F90B29E00370FE2 /* Build configuration list for PBXNativeTarget "ExampleDDDUITests" */ = {
			isa = XCConfigurationList;
			buildConfigurations = (
				CED4D66C1F90B29E00370FE2 /* Debug */,
				CED4D66D1F90B29E00370FE2 /* Release */,
			);
			defaultConfigurationIsVisible = 0;
			defaultConfigurationName = Release;
		};
/* End XCConfigurationList section */
	};
	rootObject = CED4D6351F90B29E00370FE2 /* Project object */;
}
